
Microsoft Visual Studio Solution File, Format Version 12.00
# Visual Studio Version 17
VisualStudioVersion = 17.4.33122.133
MinimumVisualStudioVersion = 10.0.40219.1
Project("{FAE04EC0-301F-11D3-BF4B-00C04F79EFBC}") = "Project_final_2022_2023", "Project_final_2022_2023.csproj", "{93410028-CD93-4898-9118-B75B3F4F2F04}"
EndProject
Global
	GlobalSection(SolutionConfigurationPlatforms) = preSolution
		Debug|Any CPU = Debug|Any CPU
		Release|Any CPU = Release|Any CPU
	EndGlobalSection
	GlobalSection(ProjectConfigurationPlatforms) = postSolution
		{93410028-CD93-4898-9118-B75B3F4F2F04}.Debug|Any CPU.ActiveCfg = Debug|Any CPU
		{93410028-CD93-4898-9118-B75B3F4F2F04}.Debug|Any CPU.Build.0 = Debug|Any CPU
		{93410028-CD93-4898-9118-B75B3F4F2F04}.Release|Any CPU.ActiveCfg = Release|Any CPU
		{93410028-CD93-4898-9118-B75B3F4F2F04}.Release|Any CPU.Build.0 = Release|Any CPU
	EndGlobalSection
	GlobalSection(SolutionProperties) = preSolution
		HideSolutionNode = FALSE
	EndGlobalSection
	GlobalSection(ExtensibilityGlobals) = postSolution
		SolutionGuid = {F9C06EE6-EF21-426C-8154-0BC9B9E3BD4C}
	EndGlobalSection
EndGlobal
